{
  "name": "@iterate-com/iterate-estate",
  "version": "0.0.1",
  "lockfileVersion": 3,
  "requires": true,
  "packages": {
    "": {
      "name": "@iterate-com/iterate-estate",
      "version": "0.0.1",
      "devDependencies": {
        "@iterate-com/sdk": "https://pkg.pr.new/iterate/iterate/@iterate-com/sdk@fcb5a03ef8e108b30a1e12c42880a40a585d3c5e",
        "typescript": "^5.9.3"
      }
    },
    "node_modules/@iterate-com/sdk": {
      "version": "0.0.1",
      "resolved": "https://pkg.pr.new/iterate/iterate/@iterate-com/sdk@fcb5a03ef8e108b30a1e12c42880a40a585d3c5e",
      "integrity": "sha512-aupFSi5JB0iGjlIv9P0z9bc6ysKcgGChBYvUe7DVQfAX8Si1kKQrLTsyrSBtmRCIFVd7PsYxrIonLT45jKE8nw==",
      "dev": true,
      "dependencies": {
        "dedent": "^1.7.0",
        "jsonata": "github:mmkal/jsonata#23fbb59fa991213b29f732c91d9e2e455733f337",
        "type-fest": "^5.0.1",
        "zod": "^4.1.11"
      },
      "bin": {
        "iterate": "cli.js"
      }
    },
    "node_modules/dedent": {
      "version": "1.7.0",
      "resolved": "https://registry.npmjs.org/dedent/-/dedent-1.7.0.tgz",
      "integrity": "sha512-HGFtf8yhuhGhqO07SV79tRp+br4MnbdjeVxotpn1QBl30pcLLCQjX5b2295ll0fv8RKDKsmWYrl05usHM9CewQ==",
      "dev": true,
      "license": "MIT",
      "peerDependencies": {
        "babel-plugin-macros": "^3.1.0"
      },
      "peerDependenciesMeta": {
        "babel-plugin-macros": {
          "optional": true
        }
      }
    },
    "node_modules/jsonata": {
      "version": "2.1.0",
      "resolved": "git+ssh://git@github.com/mmkal/jsonata.git#23fbb59fa991213b29f732c91d9e2e455733f337",
      "integrity": "sha512-WO3LfTOPeqtfKVTTF5sttpbCC46bvFZjSFqMDNI3o6UKLKCHvgGjnRZ6eRBB7Ab7loLIMkYo2PRVYhJ6bobJQA==",
      "dev": true,
      "license": "MIT",
      "engines": {
        "node": ">= 8"
      }
    },
    "node_modules/tagged-tag": {
      "version": "1.0.0",
      "resolved": "https://registry.npmjs.org/tagged-tag/-/tagged-tag-1.0.0.tgz",
      "integrity": "sha512-yEFYrVhod+hdNyx7g5Bnkkb0G6si8HJurOoOEgC8B/O0uXLHlaey/65KRv6cuWBNhBgHKAROVpc7QyYqE5gFng==",
      "dev": true,
      "license": "MIT",
      "engines": {
        "node": ">=20"
      },
      "funding": {
        "url": "https://github.com/sponsors/sindresorhus"
      }
    },
    "node_modules/type-fest": {
      "version": "5.1.0",
      "resolved": "https://registry.npmjs.org/type-fest/-/type-fest-5.1.0.tgz",
      "integrity": "sha512-wQ531tuWvB6oK+pchHIu5lHe5f5wpSCqB8Kf4dWQRbOYc9HTge7JL0G4Qd44bh6QuJCccIzL3bugb8GI0MwHrg==",
      "dev": true,
      "license": "(MIT OR CC0-1.0)",
      "dependencies": {
        "tagged-tag": "^1.0.0"
      },
      "engines": {
        "node": ">=20"
      },
      "funding": {
        "url": "https://github.com/sponsors/sindresorhus"
      }
    },
    "node_modules/typescript": {
      "version": "5.9.3",
      "resolved": "https://registry.npmjs.org/typescript/-/typescript-5.9.3.tgz",
      "integrity": "sha512-jl1vZzPDinLr9eUt3J/t7V6FgNEw9QjvBPdysz9KfQDD41fQrC2Y4vKQdiaUpFT4bXlb1RHhLpp8wtm6M5TgSw==",
      "dev": true,
      "license": "Apache-2.0",
      "bin": {
        "tsc": "bin/tsc",
        "tsserver": "bin/tsserver"
      },
      "engines": {
        "node": ">=14.17"
      }
    },
    "node_modules/zod": {
      "version": "4.1.12",
      "resolved": "https://registry.npmjs.org/zod/-/zod-4.1.12.tgz",
      "integrity": "sha512-JInaHOamG8pt5+Ey8kGmdcAcg3OL9reK8ltczgHTAwNhMys/6ThXHityHxVV2p3fkw/c+MAvBHFVYHFZDmjMCQ==",
      "dev": true,
      "license": "MIT",
      "funding": {
        "url": "https://github.com/sponsors/colinhacks"
      }
    }
  }
}
